Microsoft Visual Studio Solution File, Format Version 12.00
# Visual Studio 2012
Project("{FAE04EC0-301F-11D3-BF4B-00C04F79EFBC}") = "blackjack_tuto", "blackjack_tuto.csproj", "{2155942C-B6A1-461F-8031-9472C455DACE}"
EndProject
Global
	GlobalSection(SolutionConfigurationPlatforms) = preSolution
	Debug|Any CPU = Debug|Any CPU
	ExportDebug|Any CPU = ExportDebug|Any CPU
	ExportRelease|Any CPU = ExportRelease|Any CPU
	EndGlobalSection
	GlobalSection(ProjectConfigurationPlatforms) = postSolution
		{2155942C-B6A1-461F-8031-9472C455DACE}.Debug|Any CPU.ActiveCfg = Debug|Any CPU
		{2155942C-B6A1-461F-8031-9472C455DACE}.Debug|Any CPU.Build.0 = Debug|Any CPU
		{2155942C-B6A1-461F-8031-9472C455DACE}.ExportDebug|Any CPU.ActiveCfg = ExportDebug|Any CPU
		{2155942C-B6A1-461F-8031-9472C455DACE}.ExportDebug|Any CPU.Build.0 = ExportDebug|Any CPU
		{2155942C-B6A1-461F-8031-9472C455DACE}.ExportRelease|Any CPU.ActiveCfg = ExportRelease|Any CPU
		{2155942C-B6A1-461F-8031-9472C455DACE}.ExportRelease|Any CPU.Build.0 = ExportRelease|Any CPU
	EndGlobalSection
EndGlobal
